// !$*UTF8*$!
{
	archiveVersion = 1;
	classes = {
	};
	objectVersion = 56;
	objects = {

/* Begin PBXBuildFile section */
		554239B72C1D7ABA0031CAF9 /* QuestDetailViewController.swift in Sources */ = {isa = PBXBuildFile; fileRef = 554239B62C1D7ABA0031CAF9 /* QuestDetailViewController.swift */; };
		554239BB2C1D7CF80031CAF9 /* QuestDetailView.storyboard in Resources */ = {isa = PBXBuildFile; fileRef = 554239BA2C1D7CF80031CAF9 /* QuestDetailView.storyboard */; };
		554239BD2C1D7D7F0031CAF9 /* QuestDetailView.swift in Sources */ = {isa = PBXBuildFile; fileRef = 554239BC2C1D7D7F0031CAF9 /* QuestDetailView.swift */; };
		556B38FE2C1D598900BC7421 /* QuestsViewController.swift in Sources */ = {isa = PBXBuildFile; fileRef = 556B38FD2C1D598900BC7421 /* QuestsViewController.swift */; };
		556B39012C1D5A2F00BC7421 /* QuestsView.storyboard in Resources */ = {isa = PBXBuildFile; fileRef = 556B38FF2C1D5A2F00BC7421 /* QuestsView.storyboard */; };
		55754B6D2C131738008CC03B /* AppDelegate.swift in Sources */ = {isa = PBXBuildFile; fileRef = 55754B6C2C131738008CC03B /* AppDelegate.swift */; };
		55754B6F2C131738008CC03B /* SceneDelegate.swift in Sources */ = {isa = PBXBuildFile; fileRef = 55754B6E2C131738008CC03B /* SceneDelegate.swift */; };
		55754B742C131738008CC03B /* Base in Resources */ = {isa = PBXBuildFile; fileRef = 55754B732C131738008CC03B /* Base */; };
		55754B762C13173A008CC03B /* Assets.xcassets in Resources */ = {isa = PBXBuildFile; fileRef = 55754B752C13173A008CC03B /* Assets.xcassets */; };
		55754B792C13173A008CC03B /* Base in Resources */ = {isa = PBXBuildFile; fileRef = 55754B782C13173A008CC03B /* Base */; };
		55754B832C1317EA008CC03B /* Quest.swift in Sources */ = {isa = PBXBuildFile; fileRef = 55754B822C1317EA008CC03B /* Quest.swift */; };
		55754B852C131807008CC03B /* DummyData.json in Resources */ = {isa = PBXBuildFile; fileRef = 55754B842C131807008CC03B /* DummyData.json */; };
		55754B892C131857008CC03B /* QuestViewModel.swift in Sources */ = {isa = PBXBuildFile; fileRef = 55754B882C131857008CC03B /* QuestViewModel.swift */; };
		55868F7E2C1D5EFC00E636D1 /* QuestTableViewCell.swift in Sources */ = {isa = PBXBuildFile; fileRef = 55868F7C2C1D5EFC00E636D1 /* QuestTableViewCell.swift */; };
		55868F7F2C1D5EFC00E636D1 /* QuestTableViewCell.xib in Resources */ = {isa = PBXBuildFile; fileRef = 55868F7D2C1D5EFC00E636D1 /* QuestTableViewCell.xib */; };
		55868F812C1D673E00E636D1 /* QuestsView.swift in Sources */ = {isa = PBXBuildFile; fileRef = 55868F802C1D673E00E636D1 /* QuestsView.swift */; };
		55868F852C1D68A000E636D1 /* QuestsViewController+TableViewDataSource.swift in Sources */ = {isa = PBXBuildFile; fileRef = 55868F842C1D68A000E636D1 /* QuestsViewController+TableViewDataSource.swift */; };
		55868F872C1D690500E636D1 /* QuestsViewController+TableViewDelegate.swift in Sources */ = {isa = PBXBuildFile; fileRef = 55868F862C1D690500E636D1 /* QuestsViewController+TableViewDelegate.swift */; };
/* End PBXBuildFile section */

/* Begin PBXFileReference section */
		554239B62C1D7ABA0031CAF9 /* QuestDetailViewController.swift */ = {isa = PBXFileReference; lastKnownFileType = sourcecode.swift; path = QuestDetailViewController.swift; sourceTree = "<group>"; };
		554239BA2C1D7CF80031CAF9 /* QuestDetailView.storyboard */ = {isa = PBXFileReference; lastKnownFileType = file.storyboard; path = QuestDetailView.storyboard; sourceTree = "<group>"; };
		554239BC2C1D7D7F0031CAF9 /* QuestDetailView.swift */ = {isa = PBXFileReference; lastKnownFileType = sourcecode.swift; path = QuestDetailView.swift; sourceTree = "<group>"; };
		556B38FD2C1D598900BC7421 /* QuestsViewController.swift */ = {isa = PBXFileReference; lastKnownFileType = sourcecode.swift; path = QuestsViewController.swift; sourceTree = "<group>"; };
		556B39002C1D5A2F00BC7421 /* Base */ = {isa = PBXFileReference; lastKnownFileType = file.storyboard; name = Base; path = "Questios-UIKit/Views/Base.lproj/QuestsView.storyboard"; sourceTree = "<group>"; };
		55754B692C131738008CC03B /* Questios-UIKit.app */ = {isa = PBXFileReference; explicitFileType = wrapper.application; includeInIndex = 0; path = "Questios-UIKit.app"; sourceTree = BUILT_PRODUCTS_DIR; };
		55754B6C2C131738008CC03B /* AppDelegate.swift */ = {isa = PBXFileReference; lastKnownFileType = sourcecode.swift; path = AppDelegate.swift; sourceTree = "<group>"; };
		55754B6E2C131738008CC03B /* SceneDelegate.swift */ = {isa = PBXFileReference; lastKnownFileType = sourcecode.swift; path = SceneDelegate.swift; sourceTree = "<group>"; };
		55754B732C131738008CC03B /* Base */ = {isa = PBXFileReference; lastKnownFileType = file.storyboard; name = Base; path = Base.lproj/Main.storyboard; sourceTree = "<group>"; };
		55754B752C13173A008CC03B /* Assets.xcassets */ = {isa = PBXFileReference; lastKnownFileType = folder.assetcatalog; path = Assets.xcassets; sourceTree = "<group>"; };
		55754B782C13173A008CC03B /* Base */ = {isa = PBXFileReference; lastKnownFileType = file.storyboard; name = Base; path = Base.lproj/LaunchScreen.storyboard; sourceTree = "<group>"; };
		55754B7A2C13173A008CC03B /* Info.plist */ = {isa = PBXFileReference; lastKnownFileType = text.plist.xml; path = Info.plist; sourceTree = "<group>"; };
		55754B822C1317EA008CC03B /* Quest.swift */ = {isa = PBXFileReference; lastKnownFileType = sourcecode.swift; path = Quest.swift; sourceTree = "<group>"; };
		55754B842C131807008CC03B /* DummyData.json */ = {isa = PBXFileReference; fileEncoding = 4; lastKnownFileType = text.json; path = DummyData.json; sourceTree = "<group>"; };
		55754B882C131857008CC03B /* QuestViewModel.swift */ = {isa = PBXFileReference; lastKnownFileType = sourcecode.swift; path = QuestViewModel.swift; sourceTree = "<group>"; };
		55868F7C2C1D5EFC00E636D1 /* QuestTableViewCell.swift */ = {isa = PBXFileReference; lastKnownFileType = sourcecode.swift; path = QuestTableViewCell.swift; sourceTree = "<group>"; };
		55868F7D2C1D5EFC00E636D1 /* QuestTableViewCell.xib */ = {isa = PBXFileReference; lastKnownFileType = file.xib; path = QuestTableViewCell.xib; sourceTree = "<group>"; };
		55868F802C1D673E00E636D1 /* QuestsView.swift */ = {isa = PBXFileReference; lastKnownFileType = sourcecode.swift; path = QuestsView.swift; sourceTree = "<group>"; };
		55868F842C1D68A000E636D1 /* QuestsViewController+TableViewDataSource.swift */ = {isa = PBXFileReference; lastKnownFileType = sourcecode.swift; path = "QuestsViewController+TableViewDataSource.swift"; sourceTree = "<group>"; };
		55868F862C1D690500E636D1 /* QuestsViewController+TableViewDelegate.swift */ = {isa = PBXFileReference; lastKnownFileType = sourcecode.swift; path = "QuestsViewController+TableViewDelegate.swift"; sourceTree = "<group>"; };
/* End PBXFileReference section */

/* Begin PBXFrameworksBuildPhase section */
		55754B662C131738008CC03B /* Frameworks */ = {
			isa = PBXFrameworksBuildPhase;
			buildActionMask = 2147483647;
			files = (
			);
			runOnlyForDeploymentPostprocessing = 0;
		};
/* End PBXFrameworksBuildPhase section */

/* Begin PBXGroup section */
		554239B52C1D7A9A0031CAF9 /* QuestDetail */ = {
			isa = PBXGroup;
			children = (
				554239B62C1D7ABA0031CAF9 /* QuestDetailViewController.swift */,
				554239B82C1D7CB20031CAF9 /* Views */,
			);
			path = QuestDetail;
			sourceTree = "<group>";
		};
		554239B82C1D7CB20031CAF9 /* Views */ = {
			isa = PBXGroup;
			children = (
				554239B92C1D7CDD0031CAF9 /* QuestDetailView */,
			);
			path = Views;
			sourceTree = "<group>";
		};
		554239B92C1D7CDD0031CAF9 /* QuestDetailView */ = {
			isa = PBXGroup;
			children = (
				554239BC2C1D7D7F0031CAF9 /* QuestDetailView.swift */,
				554239BA2C1D7CF80031CAF9 /* QuestDetailView.storyboard */,
			);
			path = QuestDetailView;
			sourceTree = "<group>";
		};
		55754B602C131738008CC03B = {
			isa = PBXGroup;
			children = (
				55754B6B2C131738008CC03B /* Questios-UIKit */,
				55754B6A2C131738008CC03B /* Products */,
			);
			sourceTree = "<group>";
		};
		55754B6A2C131738008CC03B /* Products */ = {
			isa = PBXGroup;
			children = (
				55754B692C131738008CC03B /* Questios-UIKit.app */,
			);
			name = Products;
			sourceTree = "<group>";
		};
		55754B6B2C131738008CC03B /* Questios-UIKit */ = {
			isa = PBXGroup;
			children = (
				55754B6C2C131738008CC03B /* AppDelegate.swift */,
				55754B6E2C131738008CC03B /* SceneDelegate.swift */,
				55754B802C1317A2008CC03B /* Model */,
				55754B862C13181A008CC03B /* ViewModels */,
				55754B872C131825008CC03B /* Scenes */,
				55754B752C13173A008CC03B /* Assets.xcassets */,
				55754B772C13173A008CC03B /* LaunchScreen.storyboard */,
				55754B7A2C13173A008CC03B /* Info.plist */,
			);
			path = "Questios-UIKit";
			sourceTree = "<group>";
		};
		55754B802C1317A2008CC03B /* Model */ = {
			isa = PBXGroup;
			children = (
				55754B822C1317EA008CC03B /* Quest.swift */,
				55754B842C131807008CC03B /* DummyData.json */,
			);
			path = Model;
			sourceTree = "<group>";
		};
		55754B862C13181A008CC03B /* ViewModels */ = {
			isa = PBXGroup;
			children = (
				55754B882C131857008CC03B /* QuestViewModel.swift */,
			);
			path = ViewModels;
			sourceTree = "<group>";
		};
		55754B872C131825008CC03B /* Scenes */ = {
			isa = PBXGroup;
			children = (
				55754B722C131738008CC03B /* Main.storyboard */,
				558D09152C1D575100EE56D8 /* QuestList */,
				554239B52C1D7A9A0031CAF9 /* QuestDetail */,
			);
			path = Scenes;
			sourceTree = "<group>";
		};
		55868F822C1D67CE00E636D1 /* Views */ = {
			isa = PBXGroup;
			children = (
				55868F892C1D6B5300E636D1 /* QuestsView */,
				55868F882C1D6B3500E636D1 /* QuestRowView */,
			);
			path = Views;
			sourceTree = "<group>";
		};
		55868F832C1D688100E636D1 /* ViewControllers */ = {
			isa = PBXGroup;
			children = (
				556B38FD2C1D598900BC7421 /* QuestsViewController.swift */,
				55868F842C1D68A000E636D1 /* QuestsViewController+TableViewDataSource.swift */,
				55868F862C1D690500E636D1 /* QuestsViewController+TableViewDelegate.swift */,
			);
			path = ViewControllers;
			sourceTree = "<group>";
		};
		55868F882C1D6B3500E636D1 /* QuestRowView */ = {
			isa = PBXGroup;
			children = (
				55868F7C2C1D5EFC00E636D1 /* QuestTableViewCell.swift */,
				55868F7D2C1D5EFC00E636D1 /* QuestTableViewCell.xib */,
			);
			path = QuestRowView;
			sourceTree = "<group>";
		};
		55868F892C1D6B5300E636D1 /* QuestsView */ = {
			isa = PBXGroup;
			children = (
				55868F802C1D673E00E636D1 /* QuestsView.swift */,
				556B38FF2C1D5A2F00BC7421 /* QuestsView.storyboard */,
			);
			path = QuestsView;
			sourceTree = "<group>";
		};
		558D09152C1D575100EE56D8 /* QuestList */ = {
			isa = PBXGroup;
			children = (
				55868F832C1D688100E636D1 /* ViewControllers */,
				55868F822C1D67CE00E636D1 /* Views */,
			);
			path = QuestList;
			sourceTree = "<group>";
		};
/* End PBXGroup section */

/* Begin PBXNativeTarget section */
		55754B682C131738008CC03B /* Questios-UIKit */ = {
			isa = PBXNativeTarget;
			buildConfigurationList = 55754B7D2C13173A008CC03B /* Build configuration list for PBXNativeTarget "Questios-UIKit" */;
			buildPhases = (
				55754B652C131738008CC03B /* Sources */,
				55754B662C131738008CC03B /* Frameworks */,
				55754B672C131738008CC03B /* Resources */,
			);
			buildRules = (
			);
			dependencies = (
			);
			name = "Questios-UIKit";
			productName = "Questios-UIKit";
			productReference = 55754B692C131738008CC03B /* Questios-UIKit.app */;
			productType = "com.apple.product-type.application";
		};
/* End PBXNativeTarget section */

/* Begin PBXProject section */
		55754B612C131738008CC03B /* Project object */ = {
			isa = PBXProject;
			attributes = {
				BuildIndependentTargetsInParallel = 1;
				LastSwiftUpdateCheck = 1540;
				LastUpgradeCheck = 1540;
				TargetAttributes = {
					55754B682C131738008CC03B = {
						CreatedOnToolsVersion = 15.4;
					};
				};
			};
			buildConfigurationList = 55754B642C131738008CC03B /* Build configuration list for PBXProject "Questios-UIKit" */;
			compatibilityVersion = "Xcode 14.0";
			developmentRegion = en;
			hasScannedForEncodings = 0;
			knownRegions = (
				en,
				Base,
			);
			mainGroup = 55754B602C131738008CC03B;
			productRefGroup = 55754B6A2C131738008CC03B /* Products */;
			projectDirPath = "";
			projectRoot = "";
			targets = (
				55754B682C131738008CC03B /* Questios-UIKit */,
			);
		};
/* End PBXProject section */

/* Begin PBXResourcesBuildPhase section */
		55754B672C131738008CC03B /* Resources */ = {
			isa = PBXResourcesBuildPhase;
			buildActionMask = 2147483647;
			files = (
				55868F7F2C1D5EFC00E636D1 /* QuestTableViewCell.xib in Resources */,
				556B39012C1D5A2F00BC7421 /* QuestsView.storyboard in Resources */,
				55754B852C131807008CC03B /* DummyData.json in Resources */,
				55754B762C13173A008CC03B /* Assets.xcassets in Resources */,
				554239BB2C1D7CF80031CAF9 /* QuestDetailView.storyboard in Resources */,
				55754B792C13173A008CC03B /* Base in Resources */,
				55754B742C131738008CC03B /* Base in Resources */,
			);
			runOnlyForDeploymentPostprocessing = 0;
		};
/* End PBXResourcesBuildPhase section */

/* Begin PBXSourcesBuildPhase section */
		55754B652C131738008CC03B /* Sources */ = {
			isa = PBXSourcesBuildPhase;
			buildActionMask = 2147483647;
			files = (
				55754B832C1317EA008CC03B /* Quest.swift in Sources */,
				55868F872C1D690500E636D1 /* QuestsViewController+TableViewDelegate.swift in Sources */,
				55868F852C1D68A000E636D1 /* QuestsViewController+TableViewDataSource.swift in Sources */,
				556B38FE2C1D598900BC7421 /* QuestsViewController.swift in Sources */,
				55868F7E2C1D5EFC00E636D1 /* QuestTableViewCell.swift in Sources */,
				55754B892C131857008CC03B /* QuestViewModel.swift in Sources */,
				55868F812C1D673E00E636D1 /* QuestsView.swift in Sources */,
				55754B6D2C131738008CC03B /* AppDelegate.swift in Sources */,
				554239B72C1D7ABA0031CAF9 /* QuestDetailViewController.swift in Sources */,
				55754B6F2C131738008CC03B /* SceneDelegate.swift in Sources */,
				554239BD2C1D7D7F0031CAF9 /* QuestDetailView.swift in Sources */,
			);
			runOnlyForDeploymentPostprocessing = 0;
		};
/* End PBXSourcesBuildPhase section */

/* Begin PBXVariantGroup section */
		556B38FF2C1D5A2F00BC7421 /* QuestsView.storyboard */ = {
			isa = PBXVariantGroup;
			children = (
				556B39002C1D5A2F00BC7421 /* Base */,
			);
			name = QuestsView.storyboard;
			sourceTree = "<group>";
		};
		55754B722C131738008CC03B /* Main.storyboard */ = {
			isa = PBXVariantGroup;
			children = (
				55754B732C131738008CC03B /* Base */,
			);
			name = Main.storyboard;
			sourceTree = "<group>";
		};
		55754B772C13173A008CC03B /* LaunchScreen.storyboard */ = {
			isa = PBXVariantGroup;
			children = (
				55754B782C13173A008CC03B /* Base */,
			);
			name = LaunchScreen.storyboard;
			sourceTree = "<group>";
		};
/* End PBXVariantGroup section */

/* Begin XCBuildConfiguration section */
		55754B7B2C13173A008CC03B /* Debug */ = {
			isa = XCBuildConfiguration;
			buildSettings = {
				ALWAYS_SEARCH_USER_PATHS = NO;
				ASSETCATALOG_COMPILER_GENERATE_SWIFT_ASSET_SYMBOL_EXTENSIONS = YES;
				CLANG_ANALYZER_NONNULL = YES;
				CLANG_ANALYZER_NUMBER_OBJECT_CONVERSION = YES_AGGRESSIVE;
				CLANG_CXX_LANGUAGE_STANDARD = "gnu++20";
				CLANG_ENABLE_MODULES = YES;
				CLANG_ENABLE_OBJC_ARC = YES;
				CLANG_ENABLE_OBJC_WEAK = YES;
				CLANG_WARN_BLOCK_CAPTURE_AUTORELEASING = YES;
				CLANG_WARN_BOOL_CONVERSION = YES;
				CLANG_WARN_COMMA = YES;
				CLANG_WARN_CONSTANT_CONVERSION = YES;
				CLANG_WARN_DEPRECATED_OBJC_IMPLEMENTATIONS = YES;
				CLANG_WARN_DIRECT_OBJC_ISA_USAGE = YES_ERROR;
				CLANG_WARN_DOCUMENTATION_COMMENTS = YES;
				CLANG_WARN_EMPTY_BODY = YES;
				CLANG_WARN_ENUM_CONVERSION = YES;
				CLANG_WARN_INFINITE_RECURSION = YES;
				CLANG_WARN_INT_CONVERSION = YES;
				CLANG_WARN_NON_LITERAL_NULL_CONVERSION = YES;
				CLANG_WARN_OBJC_IMPLICIT_RETAIN_SELF = YES;
				CLANG_WARN_OBJC_LITERAL_CONVERSION = YES;
				CLANG_WARN_OBJC_ROOT_CLASS = YES_ERROR;
				CLANG_WARN_QUOTED_INCLUDE_IN_FRAMEWORK_HEADER = YES;
				CLANG_WARN_RANGE_LOOP_ANALYSIS = YES;
				CLANG_WARN_STRICT_PROTOTYPES = YES;
				CLANG_WARN_SUSPICIOUS_MOVE = YES;
				CLANG_WARN_UNGUARDED_AVAILABILITY = YES_AGGRESSIVE;
				CLANG_WARN_UNREACHABLE_CODE = YES;
				CLANG_WARN__DUPLICATE_METHOD_MATCH = YES;
				COPY_PHASE_STRIP = NO;
				DEBUG_INFORMATION_FORMAT = dwarf;
				ENABLE_STRICT_OBJC_MSGSEND = YES;
				ENABLE_TESTABILITY = YES;
				ENABLE_USER_SCRIPT_SANDBOXING = YES;
				GCC_C_LANGUAGE_STANDARD = gnu17;
				GCC_DYNAMIC_NO_PIC = NO;
				GCC_NO_COMMON_BLOCKS = YES;
				GCC_OPTIMIZATION_LEVEL = 0;
				GCC_PREPROCESSOR_DEFINITIONS = (
					"DEBUG=1",
					"$(inherited)",
				);
				GCC_WARN_64_TO_32_BIT_CONVERSION = YES;
				GCC_WARN_ABOUT_RETURN_TYPE = YES_ERROR;
				GCC_WARN_UNDECLARED_SELECTOR = YES;
				GCC_WARN_UNINITIALIZED_AUTOS = YES_AGGRESSIVE;
				GCC_WARN_UNUSED_FUNCTION = YES;
				GCC_WARN_UNUSED_VARIABLE = YES;
				IPHONEOS_DEPLOYMENT_TARGET = 17.5;
				LOCALIZATION_PREFERS_STRING_CATALOGS = YES;
				MTL_ENABLE_DEBUG_INFO = INCLUDE_SOURCE;
				MTL_FAST_MATH = YES;
				ONLY_ACTIVE_ARCH = YES;
				SDKROOT = iphoneos;
				SWIFT_ACTIVE_COMPILATION_CONDITIONS = "DEBUG $(inherited)";
				SWIFT_OPTIMIZATION_LEVEL = "-Onone";
			};
			name = Debug;
		};
		55754B7C2C13173A008CC03B /* Release */ = {
			isa = XCBuildConfiguration;
			buildSettings = {
				ALWAYS_SEARCH_USER_PATHS = NO;
				ASSETCATALOG_COMPILER_GENERATE_SWIFT_ASSET_SYMBOL_EXTENSIONS = YES;
				CLANG_ANALYZER_NONNULL = YES;
				CLANG_ANALYZER_NUMBER_OBJECT_CONVERSION = YES_AGGRESSIVE;
				CLANG_CXX_LANGUAGE_STANDARD = "gnu++20";
				CLANG_ENABLE_MODULES = YES;
				CLANG_ENABLE_OBJC_ARC = YES;
				CLANG_ENABLE_OBJC_WEAK = YES;
				CLANG_WARN_BLOCK_CAPTURE_AUTORELEASING = YES;
				CLANG_WARN_BOOL_CONVERSION = YES;
				CLANG_WARN_COMMA = YES;
				CLANG_WARN_CONSTANT_CONVERSION = YES;
				CLANG_WARN_DEPRECATED_OBJC_IMPLEMENTATIONS = YES;
				CLANG_WARN_DIRECT_OBJC_ISA_USAGE = YES_ERROR;
				CLANG_WARN_DOCUMENTATION_COMMENTS = YES;
				CLANG_WARN_EMPTY_BODY = YES;
				CLANG_WARN_ENUM_CONVERSION = YES;
				CLANG_WARN_INFINITE_RECURSION = YES;
				CLANG_WARN_INT_CONVERSION = YES;
				CLANG_WARN_NON_LITERAL_NULL_CONVERSION = YES;
				CLANG_WARN_OBJC_IMPLICIT_RETAIN_SELF = YES;
				CLANG_WARN_OBJC_LITERAL_CONVERSION = YES;
				CLANG_WARN_OBJC_ROOT_CLASS = YES_ERROR;
				CLANG_WARN_QUOTED_INCLUDE_IN_FRAMEWORK_HEADER = YES;
				CLANG_WARN_RANGE_LOOP_ANALYSIS = YES;
				CLANG_WARN_STRICT_PROTOTYPES = YES;
				CLANG_WARN_SUSPICIOUS_MOVE = YES;
				CLANG_WARN_UNGUARDED_AVAILABILITY = YES_AGGRESSIVE;
				CLANG_WARN_UNREACHABLE_CODE = YES;
				CLANG_WARN__DUPLICATE_METHOD_MATCH = YES;
				COPY_PHASE_STRIP = NO;
				DEBUG_INFORMATION_FORMAT = "dwarf-with-dsym";
				ENABLE_NS_ASSERTIONS = NO;
				ENABLE_STRICT_OBJC_MSGSEND = YES;
				ENABLE_USER_SCRIPT_SANDBOXING = YES;
				GCC_C_LANGUAGE_STANDARD = gnu17;
				GCC_NO_COMMON_BLOCKS = YES;
				GCC_WARN_64_TO_32_BIT_CONVERSION = YES;
				GCC_WARN_ABOUT_RETURN_TYPE = YES_ERROR;
				GCC_WARN_UNDECLARED_SELECTOR = YES;
				GCC_WARN_UNINITIALIZED_AUTOS = YES_AGGRESSIVE;
				GCC_WARN_UNUSED_FUNCTION = YES;
				GCC_WARN_UNUSED_VARIABLE = YES;
				IPHONEOS_DEPLOYMENT_TARGET = 17.5;
				LOCALIZATION_PREFERS_STRING_CATALOGS = YES;
				MTL_ENABLE_DEBUG_INFO = NO;
				MTL_FAST_MATH = YES;
				SDKROOT = iphoneos;
				SWIFT_COMPILATION_MODE = wholemodule;
				VALIDATE_PRODUCT = YES;
			};
			name = Release;
		};
		55754B7E2C13173A008CC03B /* Debug */ = {
			isa = XCBuildConfiguration;
			buildSettings = {
				ASSETCATALOG_COMPILER_APPICON_NAME = AppIcon;
				ASSETCATALOG_COMPILER_GLOBAL_ACCENT_COLOR_NAME = AccentColor;
				CODE_SIGN_STYLE = Automatic;
				CURRENT_PROJECT_VERSION = 1;
				DEVELOPMENT_TEAM = C89FEC543S;
				GENERATE_INFOPLIST_FILE = YES;
				INFOPLIST_FILE = "Questios-UIKit/Info.plist";
				INFOPLIST_KEY_UIApplicationSupportsIndirectInputEvents = YES;
				INFOPLIST_KEY_UILaunchStoryboardName = LaunchScreen;
				INFOPLIST_KEY_UIMainStoryboardFile = Main;
				INFOPLIST_KEY_UISupportedInterfaceOrientations_iPad = "UIInterfaceOrientationPortrait UIInterfaceOrientationPortraitUpsideDown UIInterfaceOrientationLandscapeLeft UIInterfaceOrientationLandscapeRight";
				INFOPLIST_KEY_UISupportedInterfaceOrientations_iPhone = "UIInterfaceOrientationPortrait UIInterfaceOrientationLandscapeLeft UIInterfaceOrientationLandscapeRight";
				LD_RUNPATH_SEARCH_PATHS = (
					"$(inherited)",
					"@executable_path/Frameworks",
				);
				MARKETING_VERSION = 1.0;
				PRODUCT_BUNDLE_IDENTIFIER = "academy.Questios-UIKit";
				PRODUCT_NAME = "$(TARGET_NAME)";
				SWIFT_EMIT_LOC_STRINGS = YES;
				SWIFT_VERSION = 5.0;
				TARGETED_DEVICE_FAMILY = "1,2";
			};
			name = Debug;
		};
		55754B7F2C13173A008CC03B /* Release */ = {
			isa = XCBuildConfiguration;
			buildSettings = {
				ASSETCATALOG_COMPILER_APPICON_NAME = AppIcon;
				ASSETCATALOG_COMPILER_GLOBAL_ACCENT_COLOR_NAME = AccentColor;
				CODE_SIGN_STYLE = Automatic;
				CURRENT_PROJECT_VERSION = 1;
				DEVELOPMENT_TEAM = C89FEC543S;
				GENERATE_INFOPLIST_FILE = YES;
				INFOPLIST_FILE = "Questios-UIKit/Info.plist";
				INFOPLIST_KEY_UIApplicationSupportsIndirectInputEvents = YES;
				INFOPLIST_KEY_UILaunchStoryboardName = LaunchScreen;
				INFOPLIST_KEY_UIMainStoryboardFile = Main;
				INFOPLIST_KEY_UISupportedInterfaceOrientations_iPad = "UIInterfaceOrientationPortrait UIInterfaceOrientationPortraitUpsideDown UIInterfaceOrientationLandscapeLeft UIInterfaceOrientationLandscapeRight";
				INFOPLIST_KEY_UISupportedInterfaceOrientations_iPhone = "UIInterfaceOrientationPortrait UIInterfaceOrientationLandscapeLeft UIInterfaceOrientationLandscapeRight";
				LD_RUNPATH_SEARCH_PATHS = (
					"$(inherited)",
					"@executable_path/Frameworks",
				);
				MARKETING_VERSION = 1.0;
				PRODUCT_BUNDLE_IDENTIFIER = "academy.Questios-UIKit";
				PRODUCT_NAME = "$(TARGET_NAME)";
				SWIFT_EMIT_LOC_STRINGS = YES;
				SWIFT_VERSION = 5.0;
				TARGETED_DEVICE_FAMILY = "1,2";
			};
			name = Release;
		};
/* End XCBuildConfiguration section */

/* Begin XCConfigurationList section */
		55754B642C131738008CC03B /* Build configuration list for PBXProject "Questios-UIKit" */ = {
			isa = XCConfigurationList;
			buildConfigurations = (
				55754B7B2C13173A008CC03B /* Debug */,
				55754B7C2C13173A008CC03B /* Release */,
			);
			defaultConfigurationIsVisible = 0;
			defaultConfigurationName = Release;
		};
		55754B7D2C13173A008CC03B /* Build configuration list for PBXNativeTarget "Questios-UIKit" */ = {
			isa = XCConfigurationList;
			buildConfigurations = (
				55754B7E2C13173A008CC03B /* Debug */,
				55754B7F2C13173A008CC03B /* Release */,
			);
			defaultConfigurationIsVisible = 0;
			defaultConfigurationName = Release;
		};
/* End XCConfigurationList section */
	};
	rootObject = 55754B612C131738008CC03B /* Project object */;
}
